
Microsoft Visual Studio Solution File, Format Version 12.00
# Visual Studio Version 16
VisualStudioVersion = 16.0.30413.136
MinimumVisualStudioVersion = 10.0.40219.1
Project("{8BC9CEB8-8B4A-11D0-8D11-00A0C91BC942}") = "Sandbox", "Sandbox\Sandbox.vcxproj", "{2D2284EA-559B-4BDB-94F5-219C5F265BD3}"
EndProject
Project("{8BC9CEB8-8B4A-11D0-8D11-00A0C91BC942}") = "Celler", "Celler\Celler.vcxproj", "{42E2069E-3C4A-4436-B526-E21ED42665F6}"
EndProject
Global
	GlobalSection(SolutionConfigurationPlatforms) = preSolution
		Debug|x64 = Debug|x64
		Release|x64 = Release|x64
	EndGlobalSection
	GlobalSection(ProjectConfigurationPlatforms) = postSolution
		{2D2284EA-559B-4BDB-94F5-219C5F265BD3}.Debug|x64.ActiveCfg = Debug|x64
		{2D2284EA-559B-4BDB-94F5-219C5F265BD3}.Debug|x64.Build.0 = Debug|x64
		{2D2284EA-559B-4BDB-94F5-219C5F265BD3}.Release|x64.ActiveCfg = Release|x64
		{2D2284EA-559B-4BDB-94F5-219C5F265BD3}.Release|x64.Build.0 = Release|x64
		{42E2069E-3C4A-4436-B526-E21ED42665F6}.Debug|x64.ActiveCfg = Debug|x64
		{42E2069E-3C4A-4436-B526-E21ED42665F6}.Debug|x64.Build.0 = Debug|x64
		{42E2069E-3C4A-4436-B526-E21ED42665F6}.Release|x64.ActiveCfg = Release|x64
		{42E2069E-3C4A-4436-B526-E21ED42665F6}.Release|x64.Build.0 = Release|x64
	EndGlobalSection
	GlobalSection(SolutionProperties) = preSolution
		HideSolutionNode = FALSE
	EndGlobalSection
	GlobalSection(ExtensibilityGlobals) = postSolution
		SolutionGuid = {1712FF28-0DF9-40D2-B159-DF44C3E9B795}
	EndGlobalSection
EndGlobal
